PODS:
  - CSwiftLog (1.0.2)
  - Kingfisher (7.1.2)
  - Parchment (2.4.0)
  - SkeletonView (1.29.2)
  - SnapKit (5.0.1)
  - SwiftGen (6.5.1)
  - Toast-Swift (5.0.1)

DEPENDENCIES:
  - CSwiftLog (= 1.0.2)
  - Kingfisher (= 7.1.2)
  - Parchment (= 2.4.0)
  - SkeletonView
  - SnapKit (= 5.0.1)
  - SwiftGen
  - Toast-Swift (= 5.0.1)

SPEC REPOS:
  https://github.com/CocoaPods/Specs.git:
    - CSwiftLog
    - Kingfisher
    - Parchment
    - SkeletonView
    - SnapKit
    - SwiftGen
    - Toast-Swift

SPEC CHECKSUMS:
  CSwiftLog: 5d62c1cc4ebda8ecc222c221300e52c043c7f70c
  Kingfisher: 44ed6a8504763f27bab46163adfac83f5deb240c
  Parchment: 002785473861582385db5c6725165353c500198e
  SkeletonView: 915a80ecc2b6421ab7ac0f0212321c0cc1406472
  SnapKit: 97b92857e3df3a0c71833cce143274bf6ef8e5eb
  SwiftGen: a6d22010845f08fe18fbdf3a07a8e380fd22e0ea
  Toast-Swift: 9b6a70f28b3bf0b96c40d46c0c4b9d6639846711

PODFILE CHECKSUM: b1023ae5ace6c945e73fe032906861622ddf05e9

COCOAPODS: 1.11.2
